
Microsoft Visual Studio Solution File, Format Version 12.00
# Visual Studio Version 17
VisualStudioVersion = 17.4.33110.190
MinimumVisualStudioVersion = 10.0.40219.1
Project("{9A19103F-16F7-4668-BE54-9A1E7A4F7556}") = "ProfOaksKantoPokedex", "ProfOaksKantoPokedex\ProfOaksKantoPokedex.csproj", "{2A80DB8D-29BF-4936-95A6-793A37EF9004}"
EndProject
Project("{9A19103F-16F7-4668-BE54-9A1E7A4F7556}") = "ProfOaksKantoPokedex.Test", "ProfOaksKantoPokedex.Test\ProfOaksKantoPokedex.Test.csproj", "{C7BEA45B-A136-4356-B752-0BF7F576574E}"
EndProject
Project("{9A19103F-16F7-4668-BE54-9A1E7A4F7556}") = "David.IDP", "David.IDP\David.IDP.csproj", "{0E8B24CF-E1EC-40D4-92D2-E5F27D923578}"
EndProject
Global
	GlobalSection(SolutionConfigurationPlatforms) = preSolution
		Debug|Any CPU = Debug|Any CPU
		Release|Any CPU = Release|Any CPU
	EndGlobalSection
	GlobalSection(ProjectConfigurationPlatforms) = postSolution
		{2A80DB8D-29BF-4936-95A6-793A37EF9004}.Debug|Any CPU.ActiveCfg = Debug|Any CPU
		{2A80DB8D-29BF-4936-95A6-793A37EF9004}.Debug|Any CPU.Build.0 = Debug|Any CPU
		{2A80DB8D-29BF-4936-95A6-793A37EF9004}.Release|Any CPU.ActiveCfg = Release|Any CPU
		{2A80DB8D-29BF-4936-95A6-793A37EF9004}.Release|Any CPU.Build.0 = Release|Any CPU
		{C7BEA45B-A136-4356-B752-0BF7F576574E}.Debug|Any CPU.ActiveCfg = Debug|Any CPU
		{C7BEA45B-A136-4356-B752-0BF7F576574E}.Debug|Any CPU.Build.0 = Debug|Any CPU
		{C7BEA45B-A136-4356-B752-0BF7F576574E}.Release|Any CPU.ActiveCfg = Release|Any CPU
		{C7BEA45B-A136-4356-B752-0BF7F576574E}.Release|Any CPU.Build.0 = Release|Any CPU
		{0E8B24CF-E1EC-40D4-92D2-E5F27D923578}.Debug|Any CPU.ActiveCfg = Debug|Any CPU
		{0E8B24CF-E1EC-40D4-92D2-E5F27D923578}.Debug|Any CPU.Build.0 = Debug|Any CPU
		{0E8B24CF-E1EC-40D4-92D2-E5F27D923578}.Release|Any CPU.ActiveCfg = Release|Any CPU
		{0E8B24CF-E1EC-40D4-92D2-E5F27D923578}.Release|Any CPU.Build.0 = Release|Any CPU
	EndGlobalSection
	GlobalSection(SolutionProperties) = preSolution
		HideSolutionNode = FALSE
	EndGlobalSection
	GlobalSection(ExtensibilityGlobals) = postSolution
		SolutionGuid = {40D429C2-9A6A-4B8E-B305-816AAF3DE7FE}
	EndGlobalSection
EndGlobal
